// !$*UTF8*$!
{
	archiveVersion = 1;
	classes = {
	};
	objectVersion = 56;
	objects = {

/* Begin PBXBuildFile section */
		FEAA77E129B86D5600F79851 /* AI_Art_Image_GeneratorApp.swift in Sources */ = {isa = PBXBuildFile; fileRef = FEAA77E029B86D5600F79851 /* AI_Art_Image_GeneratorApp.swift */; };
		FEAA77E329B86D5600F79851 /* ContentView.swift in Sources */ = {isa = PBXBuildFile; fileRef = FEAA77E229B86D5600F79851 /* ContentView.swift */; };
		FEAA77E529B86D5800F79851 /* Assets.xcassets in Resources */ = {isa = PBXBuildFile; fileRef = FEAA77E429B86D5800F79851 /* Assets.xcassets */; };
		FEAA77E829B86D5800F79851 /* Preview Assets.xcassets in Resources */ = {isa = PBXBuildFile; fileRef = FEAA77E729B86D5800F79851 /* Preview Assets.xcassets */; };
		FEAA77F029B86EAD00F79851 /* Create.swift in Sources */ = {isa = PBXBuildFile; fileRef = FEAA77EF29B86EAD00F79851 /* Create.swift */; };
		FEAA77F229B86FE700F79851 /* Inspiration.swift in Sources */ = {isa = PBXBuildFile; fileRef = FEAA77F129B86FE700F79851 /* Inspiration.swift */; };
		FEAA77F429B8700100F79851 /* Settings.swift in Sources */ = {isa = PBXBuildFile; fileRef = FEAA77F329B8700100F79851 /* Settings.swift */; };
		FEAA77F629B8719800F79851 /* GeneratedResults.swift in Sources */ = {isa = PBXBuildFile; fileRef = FEAA77F529B8719800F79851 /* GeneratedResults.swift */; };
		FEAA77F829B8737C00F79851 /* GenerateImageDetails.swift in Sources */ = {isa = PBXBuildFile; fileRef = FEAA77F729B8737C00F79851 /* GenerateImageDetails.swift */; };
		FEAA77FA29B8747700F79851 /* PayWall.swift in Sources */ = {isa = PBXBuildFile; fileRef = FEAA77F929B8747600F79851 /* PayWall.swift */; };
/* End PBXBuildFile section */

/* Begin PBXFileReference section */
		FEAA77DD29B86D5600F79851 /* AI Art Image Generator.app */ = {isa = PBXFileReference; explicitFileType = wrapper.application; includeInIndex = 0; path = "AI Art Image Generator.app"; sourceTree = BUILT_PRODUCTS_DIR; };
		FEAA77E029B86D5600F79851 /* AI_Art_Image_GeneratorApp.swift */ = {isa = PBXFileReference; lastKnownFileType = sourcecode.swift; path = AI_Art_Image_GeneratorApp.swift; sourceTree = "<group>"; };
		FEAA77E229B86D5600F79851 /* ContentView.swift */ = {isa = PBXFileReference; lastKnownFileType = sourcecode.swift; path = ContentView.swift; sourceTree = "<group>"; };
		FEAA77E429B86D5800F79851 /* Assets.xcassets */ = {isa = PBXFileReference; lastKnownFileType = folder.assetcatalog; path = Assets.xcassets; sourceTree = "<group>"; };
		FEAA77E729B86D5800F79851 /* Preview Assets.xcassets */ = {isa = PBXFileReference; lastKnownFileType = folder.assetcatalog; path = "Preview Assets.xcassets"; sourceTree = "<group>"; };
		FEAA77EF29B86EAD00F79851 /* Create.swift */ = {isa = PBXFileReference; lastKnownFileType = sourcecode.swift; path = Create.swift; sourceTree = "<group>"; };
		FEAA77F129B86FE700F79851 /* Inspiration.swift */ = {isa = PBXFileReference; lastKnownFileType = sourcecode.swift; path = Inspiration.swift; sourceTree = "<group>"; };
		FEAA77F329B8700100F79851 /* Settings.swift */ = {isa = PBXFileReference; lastKnownFileType = sourcecode.swift; path = Settings.swift; sourceTree = "<group>"; };
		FEAA77F529B8719800F79851 /* GeneratedResults.swift */ = {isa = PBXFileReference; lastKnownFileType = sourcecode.swift; path = GeneratedResults.swift; sourceTree = "<group>"; };
		FEAA77F729B8737C00F79851 /* GenerateImageDetails.swift */ = {isa = PBXFileReference; lastKnownFileType = sourcecode.swift; path = GenerateImageDetails.swift; sourceTree = "<group>"; };
		FEAA77F929B8747600F79851 /* PayWall.swift */ = {isa = PBXFileReference; lastKnownFileType = sourcecode.swift; path = PayWall.swift; sourceTree = "<group>"; };
/* End PBXFileReference section */

/* Begin PBXFrameworksBuildPhase section */
		FEAA77DA29B86D5600F79851 /* Frameworks */ = {
			isa = PBXFrameworksBuildPhase;
			buildActionMask = 2147483647;
			files = (
			);
			runOnlyForDeploymentPostprocessing = 0;
		};
/* End PBXFrameworksBuildPhase section */

/* Begin PBXGroup section */
		FEAA77D429B86D5600F79851 = {
			isa = PBXGroup;
			children = (
				FEAA77DF29B86D5600F79851 /* AI Art Image Generator */,
				FEAA77DE29B86D5600F79851 /* Products */,
			);
			sourceTree = "<group>";
		};
		FEAA77DE29B86D5600F79851 /* Products */ = {
			isa = PBXGroup;
			children = (
				FEAA77DD29B86D5600F79851 /* AI Art Image Generator.app */,
			);
			name = Products;
			sourceTree = "<group>";
		};
		FEAA77DF29B86D5600F79851 /* AI Art Image Generator */ = {
			isa = PBXGroup;
			children = (
				FEAA77EE29B86E9900F79851 /* Screens */,
				FEAA77E029B86D5600F79851 /* AI_Art_Image_GeneratorApp.swift */,
				FEAA77E229B86D5600F79851 /* ContentView.swift */,
				FEAA77E429B86D5800F79851 /* Assets.xcassets */,
				FEAA77E629B86D5800F79851 /* Preview Content */,
			);
			path = "AI Art Image Generator";
			sourceTree = "<group>";
		};
		FEAA77E629B86D5800F79851 /* Preview Content */ = {
			isa = PBXGroup;
			children = (
				FEAA77E729B86D5800F79851 /* Preview Assets.xcassets */,
			);
			path = "Preview Content";
			sourceTree = "<group>";
		};
		FEAA77EE29B86E9900F79851 /* Screens */ = {
			isa = PBXGroup;
			children = (
				FEAA77EF29B86EAD00F79851 /* Create.swift */,
				FEAA77F129B86FE700F79851 /* Inspiration.swift */,
				FEAA77F329B8700100F79851 /* Settings.swift */,
				FEAA77F529B8719800F79851 /* GeneratedResults.swift */,
				FEAA77F729B8737C00F79851 /* GenerateImageDetails.swift */,
				FEAA77F929B8747600F79851 /* PayWall.swift */,
			);
			path = Screens;
			sourceTree = "<group>";
		};
/* End PBXGroup section */

/* Begin PBXNativeTarget section */
		FEAA77DC29B86D5600F79851 /* AI Art Image Generator */ = {
			isa = PBXNativeTarget;
			buildConfigurationList = FEAA77EB29B86D5800F79851 /* Build configuration list for PBXNativeTarget "AI Art Image Generator" */;
			buildPhases = (
				FEAA77D929B86D5600F79851 /* Sources */,
				FEAA77DA29B86D5600F79851 /* Frameworks */,
				FEAA77DB29B86D5600F79851 /* Resources */,
			);
			buildRules = (
			);
			dependencies = (
			);
			name = "AI Art Image Generator";
			productName = "AI Art Image Generator";
			productReference = FEAA77DD29B86D5600F79851 /* AI Art Image Generator.app */;
			productType = "com.apple.product-type.application";
		};
/* End PBXNativeTarget section */

/* Begin PBXProject section */
		FEAA77D529B86D5600F79851 /* Project object */ = {
			isa = PBXProject;
			attributes = {
				BuildIndependentTargetsInParallel = 1;
				LastSwiftUpdateCheck = 1400;
				LastUpgradeCheck = 1400;
				TargetAttributes = {
					FEAA77DC29B86D5600F79851 = {
						CreatedOnToolsVersion = 14.0.1;
					};
				};
			};
			buildConfigurationList = FEAA77D829B86D5600F79851 /* Build configuration list for PBXProject "AI Art Image Generator" */;
			compatibilityVersion = "Xcode 14.0";
			developmentRegion = en;
			hasScannedForEncodings = 0;
			knownRegions = (
				en,
				Base,
			);
			mainGroup = FEAA77D429B86D5600F79851;
			productRefGroup = FEAA77DE29B86D5600F79851 /* Products */;
			projectDirPath = "";
			projectRoot = "";
			targets = (
				FEAA77DC29B86D5600F79851 /* AI Art Image Generator */,
			);
		};
/* End PBXProject section */

/* Begin PBXResourcesBuildPhase section */
		FEAA77DB29B86D5600F79851 /* Resources */ = {
			isa = PBXResourcesBuildPhase;
			buildActionMask = 2147483647;
			files = (
				FEAA77E829B86D5800F79851 /* Preview Assets.xcassets in Resources */,
				FEAA77E529B86D5800F79851 /* Assets.xcassets in Resources */,
			);
			runOnlyForDeploymentPostprocessing = 0;
		};
/* End PBXResourcesBuildPhase section */

/* Begin PBXSourcesBuildPhase section */
		FEAA77D929B86D5600F79851 /* Sources */ = {
			isa = PBXSourcesBuildPhase;
			buildActionMask = 2147483647;
			files = (
				FEAA77F229B86FE700F79851 /* Inspiration.swift in Sources */,
				FEAA77F029B86EAD00F79851 /* Create.swift in Sources */,
				FEAA77F629B8719800F79851 /* GeneratedResults.swift in Sources */,
				FEAA77E329B86D5600F79851 /* ContentView.swift in Sources */,
				FEAA77E129B86D5600F79851 /* AI_Art_Image_GeneratorApp.swift in Sources */,
				FEAA77FA29B8747700F79851 /* PayWall.swift in Sources */,
				FEAA77F429B8700100F79851 /* Settings.swift in Sources */,
				FEAA77F829B8737C00F79851 /* GenerateImageDetails.swift in Sources */,
			);
			runOnlyForDeploymentPostprocessing = 0;
		};
/* End PBXSourcesBuildPhase section */

/* Begin XCBuildConfiguration section */
		FEAA77E929B86D5800F79851 /* Debug */ = {
			isa = XCBuildConfiguration;
			buildSettings = {
				ALWAYS_SEARCH_USER_PATHS = NO;
				CLANG_ANALYZER_NONNULL = YES;
				CLANG_ANALYZER_NUMBER_OBJECT_CONVERSION = YES_AGGRESSIVE;
				CLANG_CXX_LANGUAGE_STANDARD = "gnu++20";
				CLANG_ENABLE_MODULES = YES;
				CLANG_ENABLE_OBJC_ARC = YES;
				CLANG_ENABLE_OBJC_WEAK = YES;
				CLANG_WARN_BLOCK_CAPTURE_AUTORELEASING = YES;
				CLANG_WARN_BOOL_CONVERSION = YES;
				CLANG_WARN_COMMA = YES;
				CLANG_WARN_CONSTANT_CONVERSION = YES;
				CLANG_WARN_DEPRECATED_OBJC_IMPLEMENTATIONS = YES;
				CLANG_WARN_DIRECT_OBJC_ISA_USAGE = YES_ERROR;
				CLANG_WARN_DOCUMENTATION_COMMENTS = YES;
				CLANG_WARN_EMPTY_BODY = YES;
				CLANG_WARN_ENUM_CONVERSION = YES;
				CLANG_WARN_INFINITE_RECURSION = YES;
				CLANG_WARN_INT_CONVERSION = YES;
				CLANG_WARN_NON_LITERAL_NULL_CONVERSION = YES;
				CLANG_WARN_OBJC_IMPLICIT_RETAIN_SELF = YES;
				CLANG_WARN_OBJC_LITERAL_CONVERSION = YES;
				CLANG_WARN_OBJC_ROOT_CLASS = YES_ERROR;
				CLANG_WARN_QUOTED_INCLUDE_IN_FRAMEWORK_HEADER = YES;
				CLANG_WARN_RANGE_LOOP_ANALYSIS = YES;
				CLANG_WARN_STRICT_PROTOTYPES = YES;
				CLANG_WARN_SUSPICIOUS_MOVE = YES;
				CLANG_WARN_UNGUARDED_AVAILABILITY = YES_AGGRESSIVE;
				CLANG_WARN_UNREACHABLE_CODE = YES;
				CLANG_WARN__DUPLICATE_METHOD_MATCH = YES;
				COPY_PHASE_STRIP = NO;
				DEBUG_INFORMATION_FORMAT = dwarf;
				ENABLE_STRICT_OBJC_MSGSEND = YES;
				ENABLE_TESTABILITY = YES;
				GCC_C_LANGUAGE_STANDARD = gnu11;
				GCC_DYNAMIC_NO_PIC = NO;
				GCC_NO_COMMON_BLOCKS = YES;
				GCC_OPTIMIZATION_LEVEL = 0;
				GCC_PREPROCESSOR_DEFINITIONS = (
					"DEBUG=1",
					"$(inherited)",
				);
				GCC_WARN_64_TO_32_BIT_CONVERSION = YES;
				GCC_WARN_ABOUT_RETURN_TYPE = YES_ERROR;
				GCC_WARN_UNDECLARED_SELECTOR = YES;
				GCC_WARN_UNINITIALIZED_AUTOS = YES_AGGRESSIVE;
				GCC_WARN_UNUSED_FUNCTION = YES;
				GCC_WARN_UNUSED_VARIABLE = YES;
				IPHONEOS_DEPLOYMENT_TARGET = 16.0;
				MTL_ENABLE_DEBUG_INFO = INCLUDE_SOURCE;
				MTL_FAST_MATH = YES;
				ONLY_ACTIVE_ARCH = YES;
				SDKROOT = iphoneos;
				SWIFT_ACTIVE_COMPILATION_CONDITIONS = DEBUG;
				SWIFT_OPTIMIZATION_LEVEL = "-Onone";
			};
			name = Debug;
		};
		FEAA77EA29B86D5800F79851 /* Release */ = {
			isa = XCBuildConfiguration;
			buildSettings = {
				ALWAYS_SEARCH_USER_PATHS = NO;
				CLANG_ANALYZER_NONNULL = YES;
				CLANG_ANALYZER_NUMBER_OBJECT_CONVERSION = YES_AGGRESSIVE;
				CLANG_CXX_LANGUAGE_STANDARD = "gnu++20";
				CLANG_ENABLE_MODULES = YES;
				CLANG_ENABLE_OBJC_ARC = YES;
				CLANG_ENABLE_OBJC_WEAK = YES;
				CLANG_WARN_BLOCK_CAPTURE_AUTORELEASING = YES;
				CLANG_WARN_BOOL_CONVERSION = YES;
				CLANG_WARN_COMMA = YES;
				CLANG_WARN_CONSTANT_CONVERSION = YES;
				CLANG_WARN_DEPRECATED_OBJC_IMPLEMENTATIONS = YES;
				CLANG_WARN_DIRECT_OBJC_ISA_USAGE = YES_ERROR;
				CLANG_WARN_DOCUMENTATION_COMMENTS = YES;
				CLANG_WARN_EMPTY_BODY = YES;
				CLANG_WARN_ENUM_CONVERSION = YES;
				CLANG_WARN_INFINITE_RECURSION = YES;
				CLANG_WARN_INT_CONVERSION = YES;
				CLANG_WARN_NON_LITERAL_NULL_CONVERSION = YES;
				CLANG_WARN_OBJC_IMPLICIT_RETAIN_SELF = YES;
				CLANG_WARN_OBJC_LITERAL_CONVERSION = YES;
				CLANG_WARN_OBJC_ROOT_CLASS = YES_ERROR;
				CLANG_WARN_QUOTED_INCLUDE_IN_FRAMEWORK_HEADER = YES;
				CLANG_WARN_RANGE_LOOP_ANALYSIS = YES;
				CLANG_WARN_STRICT_PROTOTYPES = YES;
				CLANG_WARN_SUSPICIOUS_MOVE = YES;
				CLANG_WARN_UNGUARDED_AVAILABILITY = YES_AGGRESSIVE;
				CLANG_WARN_UNREACHABLE_CODE = YES;
				CLANG_WARN__DUPLICATE_METHOD_MATCH = YES;
				COPY_PHASE_STRIP = NO;
				DEBUG_INFORMATION_FORMAT = "dwarf-with-dsym";
				ENABLE_NS_ASSERTIONS = NO;
				ENABLE_STRICT_OBJC_MSGSEND = YES;
				GCC_C_LANGUAGE_STANDARD = gnu11;
				GCC_NO_COMMON_BLOCKS = YES;
				GCC_WARN_64_TO_32_BIT_CONVERSION = YES;
				GCC_WARN_ABOUT_RETURN_TYPE = YES_ERROR;
				GCC_WARN_UNDECLARED_SELECTOR = YES;
				GCC_WARN_UNINITIALIZED_AUTOS = YES_AGGRESSIVE;
				GCC_WARN_UNUSED_FUNCTION = YES;
				GCC_WARN_UNUSED_VARIABLE = YES;
				IPHONEOS_DEPLOYMENT_TARGET = 16.0;
				MTL_ENABLE_DEBUG_INFO = NO;
				MTL_FAST_MATH = YES;
				SDKROOT = iphoneos;
				SWIFT_COMPILATION_MODE = wholemodule;
				SWIFT_OPTIMIZATION_LEVEL = "-O";
				VALIDATE_PRODUCT = YES;
			};
			name = Release;
		};
		FEAA77EC29B86D5800F79851 /* Debug */ = {
			isa = XCBuildConfiguration;
			buildSettings = {
				ASSETCATALOG_COMPILER_APPICON_NAME = AppIcon;
				ASSETCATALOG_COMPILER_GLOBAL_ACCENT_COLOR_NAME = AccentColor;
				CODE_SIGN_STYLE = Automatic;
				CURRENT_PROJECT_VERSION = 1;
				DEVELOPMENT_ASSET_PATHS = "\"AI Art Image Generator/Preview Content\"";
				DEVELOPMENT_TEAM = 8FZZM9ZBH3;
				ENABLE_PREVIEWS = YES;
				GENERATE_INFOPLIST_FILE = YES;
				INFOPLIST_KEY_UIApplicationSceneManifest_Generation = YES;
				INFOPLIST_KEY_UIApplicationSupportsIndirectInputEvents = YES;
				INFOPLIST_KEY_UILaunchScreen_Generation = YES;
				INFOPLIST_KEY_UISupportedInterfaceOrientations_iPad = "UIInterfaceOrientationPortrait UIInterfaceOrientationPortraitUpsideDown UIInterfaceOrientationLandscapeLeft UIInterfaceOrientationLandscapeRight";
				INFOPLIST_KEY_UISupportedInterfaceOrientations_iPhone = "UIInterfaceOrientationPortrait UIInterfaceOrientationLandscapeLeft UIInterfaceOrientationLandscapeRight";
				LD_RUNPATH_SEARCH_PATHS = (
					"$(inherited)",
					"@executable_path/Frameworks",
				);
				MARKETING_VERSION = 1.0;
				PRODUCT_BUNDLE_IDENTIFIER = "app.aiart.AI-Art-Image-Generator";
				PRODUCT_NAME = "$(TARGET_NAME)";
				SWIFT_EMIT_LOC_STRINGS = YES;
				SWIFT_VERSION = 5.0;
				TARGETED_DEVICE_FAMILY = "1,2";
			};
			name = Debug;
		};
		FEAA77ED29B86D5800F79851 /* Release */ = {
			isa = XCBuildConfiguration;
			buildSettings = {
				ASSETCATALOG_COMPILER_APPICON_NAME = AppIcon;
				ASSETCATALOG_COMPILER_GLOBAL_ACCENT_COLOR_NAME = AccentColor;
				CODE_SIGN_STYLE = Automatic;
				CURRENT_PROJECT_VERSION = 1;
				DEVELOPMENT_ASSET_PATHS = "\"AI Art Image Generator/Preview Content\"";
				DEVELOPMENT_TEAM = 8FZZM9ZBH3;
				ENABLE_PREVIEWS = YES;
				GENERATE_INFOPLIST_FILE = YES;
				INFOPLIST_KEY_UIApplicationSceneManifest_Generation = YES;
				INFOPLIST_KEY_UIApplicationSupportsIndirectInputEvents = YES;
				INFOPLIST_KEY_UILaunchScreen_Generation = YES;
				INFOPLIST_KEY_UISupportedInterfaceOrientations_iPad = "UIInterfaceOrientationPortrait UIInterfaceOrientationPortraitUpsideDown UIInterfaceOrientationLandscapeLeft UIInterfaceOrientationLandscapeRight";
				INFOPLIST_KEY_UISupportedInterfaceOrientations_iPhone = "UIInterfaceOrientationPortrait UIInterfaceOrientationLandscapeLeft UIInterfaceOrientationLandscapeRight";
				LD_RUNPATH_SEARCH_PATHS = (
					"$(inherited)",
					"@executable_path/Frameworks",
				);
				MARKETING_VERSION = 1.0;
				PRODUCT_BUNDLE_IDENTIFIER = "app.aiart.AI-Art-Image-Generator";
				PRODUCT_NAME = "$(TARGET_NAME)";
				SWIFT_EMIT_LOC_STRINGS = YES;
				SWIFT_VERSION = 5.0;
				TARGETED_DEVICE_FAMILY = "1,2";
			};
			name = Release;
		};
/* End XCBuildConfiguration section */

/* Begin XCConfigurationList section */
		FEAA77D829B86D5600F79851 /* Build configuration list for PBXProject "AI Art Image Generator" */ = {
			isa = XCConfigurationList;
			buildConfigurations = (
				FEAA77E929B86D5800F79851 /* Debug */,
				FEAA77EA29B86D5800F79851 /* Release */,
			);
			defaultConfigurationIsVisible = 0;
			defaultConfigurationName = Release;
		};
		FEAA77EB29B86D5800F79851 /* Build configuration list for PBXNativeTarget "AI Art Image Generator" */ = {
			isa = XCConfigurationList;
			buildConfigurations = (
				FEAA77EC29B86D5800F79851 /* Debug */,
				FEAA77ED29B86D5800F79851 /* Release */,
			);
			defaultConfigurationIsVisible = 0;
			defaultConfigurationName = Release;
		};
/* End XCConfigurationList section */
	};
	rootObject = FEAA77D529B86D5600F79851 /* Project object */;
}
